
Microsoft Visual Studio Solution File, Format Version 12.00
# Visual Studio Version 17
VisualStudioVersion = 17.2.32630.192
MinimumVisualStudioVersion = 10.0.40219.1
Project("{9A19103F-16F7-4668-BE54-9A1E7A4F7556}") = "SCU.UI", "SCU.UI\SCU.UI.csproj", "{FD9146F2-42DA-4650-BFE0-0A05C83136D6}"
EndProject
Project("{9A19103F-16F7-4668-BE54-9A1E7A4F7556}") = "SCU.BL", "SCU.BL\SCU.BL.csproj", "{3C75AF43-A2C7-4003-BB09-C5159D2A2696}"
EndProject
Project("{9A19103F-16F7-4668-BE54-9A1E7A4F7556}") = "SCU.DAO", "SCU.DAO\SCU.DAO.csproj", "{C1D44873-57D2-4A98-AC51-48048956EBB9}"
EndProject
Project("{9A19103F-16F7-4668-BE54-9A1E7A4F7556}") = "SCU.DAL", "SCU.DAL\SCU.DAL.csproj", "{3AD80D1A-144E-470E-A0B6-022118E59527}"
EndProject
Project("{9A19103F-16F7-4668-BE54-9A1E7A4F7556}") = "SCU.COMMON", "SCU.COMMON\SCU.COMMON.csproj", "{ABA21B8F-0C4D-407D-B2AB-A264DF85392D}"
EndProject
Project("{FAE04EC0-301F-11D3-BF4B-00C04F79EFBC}") = "SCU.UWP", "SCU.UWP\SCU.UWP.csproj", "{16DF82D5-C681-42FA-9F31-830100BC2A22}"
EndProject
Global
	GlobalSection(SolutionConfigurationPlatforms) = preSolution
		Debug|Any CPU = Debug|Any CPU
		Debug|ARM = Debug|ARM
		Debug|ARM64 = Debug|ARM64
		Debug|x64 = Debug|x64
		Debug|x86 = Debug|x86
		Release|Any CPU = Release|Any CPU
		Release|ARM = Release|ARM
		Release|ARM64 = Release|ARM64
		Release|x64 = Release|x64
		Release|x86 = Release|x86
	EndGlobalSection
	GlobalSection(ProjectConfigurationPlatforms) = postSolution
		{FD9146F2-42DA-4650-BFE0-0A05C83136D6}.Debug|Any CPU.ActiveCfg = Debug|Any CPU
		{FD9146F2-42DA-4650-BFE0-0A05C83136D6}.Debug|Any CPU.Build.0 = Debug|Any CPU
		{FD9146F2-42DA-4650-BFE0-0A05C83136D6}.Debug|ARM.ActiveCfg = Debug|Any CPU
		{FD9146F2-42DA-4650-BFE0-0A05C83136D6}.Debug|ARM.Build.0 = Debug|Any CPU
		{FD9146F2-42DA-4650-BFE0-0A05C83136D6}.Debug|ARM64.ActiveCfg = Debug|Any CPU
		{FD9146F2-42DA-4650-BFE0-0A05C83136D6}.Debug|ARM64.Build.0 = Debug|Any CPU
		{FD9146F2-42DA-4650-BFE0-0A05C83136D6}.Debug|x64.ActiveCfg = Debug|Any CPU
		{FD9146F2-42DA-4650-BFE0-0A05C83136D6}.Debug|x64.Build.0 = Debug|Any CPU
		{FD9146F2-42DA-4650-BFE0-0A05C83136D6}.Debug|x86.ActiveCfg = Debug|Any CPU
		{FD9146F2-42DA-4650-BFE0-0A05C83136D6}.Debug|x86.Build.0 = Debug|Any CPU
		{FD9146F2-42DA-4650-BFE0-0A05C83136D6}.Release|Any CPU.ActiveCfg = Release|Any CPU
		{FD9146F2-42DA-4650-BFE0-0A05C83136D6}.Release|Any CPU.Build.0 = Release|Any CPU
		{FD9146F2-42DA-4650-BFE0-0A05C83136D6}.Release|ARM.ActiveCfg = Release|Any CPU
		{FD9146F2-42DA-4650-BFE0-0A05C83136D6}.Release|ARM.Build.0 = Release|Any CPU
		{FD9146F2-42DA-4650-BFE0-0A05C83136D6}.Release|ARM64.ActiveCfg = Release|Any CPU
		{FD9146F2-42DA-4650-BFE0-0A05C83136D6}.Release|ARM64.Build.0 = Release|Any CPU
		{FD9146F2-42DA-4650-BFE0-0A05C83136D6}.Release|x64.ActiveCfg = Release|Any CPU
		{FD9146F2-42DA-4650-BFE0-0A05C83136D6}.Release|x64.Build.0 = Release|Any CPU
		{FD9146F2-42DA-4650-BFE0-0A05C83136D6}.Release|x86.ActiveCfg = Release|Any CPU
		{FD9146F2-42DA-4650-BFE0-0A05C83136D6}.Release|x86.Build.0 = Release|Any CPU
		{3C75AF43-A2C7-4003-BB09-C5159D2A2696}.Debug|Any CPU.ActiveCfg = Debug|Any CPU
		{3C75AF43-A2C7-4003-BB09-C5159D2A2696}.Debug|Any CPU.Build.0 = Debug|Any CPU
		{3C75AF43-A2C7-4003-BB09-C5159D2A2696}.Debug|ARM.ActiveCfg = Debug|Any CPU
		{3C75AF43-A2C7-4003-BB09-C5159D2A2696}.Debug|ARM.Build.0 = Debug|Any CPU
		{3C75AF43-A2C7-4003-BB09-C5159D2A2696}.Debug|ARM64.ActiveCfg = Debug|Any CPU
		{3C75AF43-A2C7-4003-BB09-C5159D2A2696}.Debug|ARM64.Build.0 = Debug|Any CPU
		{3C75AF43-A2C7-4003-BB09-C5159D2A2696}.Debug|x64.ActiveCfg = Debug|Any CPU
		{3C75AF43-A2C7-4003-BB09-C5159D2A2696}.Debug|x64.Build.0 = Debug|Any CPU
		{3C75AF43-A2C7-4003-BB09-C5159D2A2696}.Debug|x86.ActiveCfg = Debug|Any CPU
		{3C75AF43-A2C7-4003-BB09-C5159D2A2696}.Debug|x86.Build.0 = Debug|Any CPU
		{3C75AF43-A2C7-4003-BB09-C5159D2A2696}.Release|Any CPU.ActiveCfg = Release|Any CPU
		{3C75AF43-A2C7-4003-BB09-C5159D2A2696}.Release|Any CPU.Build.0 = Release|Any CPU
		{3C75AF43-A2C7-4003-BB09-C5159D2A2696}.Release|ARM.ActiveCfg = Release|Any CPU
		{3C75AF43-A2C7-4003-BB09-C5159D2A2696}.Release|ARM.Build.0 = Release|Any CPU
		{3C75AF43-A2C7-4003-BB09-C5159D2A2696}.Release|ARM64.ActiveCfg = Release|Any CPU
		{3C75AF43-A2C7-4003-BB09-C5159D2A2696}.Release|ARM64.Build.0 = Release|Any CPU
		{3C75AF43-A2C7-4003-BB09-C5159D2A2696}.Release|x64.ActiveCfg = Release|Any CPU
		{3C75AF43-A2C7-4003-BB09-C5159D2A2696}.Release|x64.Build.0 = Release|Any CPU
		{3C75AF43-A2C7-4003-BB09-C5159D2A2696}.Release|x86.ActiveCfg = Release|Any CPU
		{3C75AF43-A2C7-4003-BB09-C5159D2A2696}.Release|x86.Build.0 = Release|Any CPU
		{C1D44873-57D2-4A98-AC51-48048956EBB9}.Debug|Any CPU.ActiveCfg = Debug|Any CPU
		{C1D44873-57D2-4A98-AC51-48048956EBB9}.Debug|Any CPU.Build.0 = Debug|Any CPU
		{C1D44873-57D2-4A98-AC51-48048956EBB9}.Debug|ARM.ActiveCfg = Debug|Any CPU
		{C1D44873-57D2-4A98-AC51-48048956EBB9}.Debug|ARM.Build.0 = Debug|Any CPU
		{C1D44873-57D2-4A98-AC51-48048956EBB9}.Debug|ARM64.ActiveCfg = Debug|Any CPU
		{C1D44873-57D2-4A98-AC51-48048956EBB9}.Debug|ARM64.Build.0 = Debug|Any CPU
		{C1D44873-57D2-4A98-AC51-48048956EBB9}.Debug|x64.ActiveCfg = Debug|Any CPU
		{C1D44873-57D2-4A98-AC51-48048956EBB9}.Debug|x64.Build.0 = Debug|Any CPU
		{C1D44873-57D2-4A98-AC51-48048956EBB9}.Debug|x86.ActiveCfg = Debug|Any CPU
		{C1D44873-57D2-4A98-AC51-48048956EBB9}.Debug|x86.Build.0 = Debug|Any CPU
		{C1D44873-57D2-4A98-AC51-48048956EBB9}.Release|Any CPU.ActiveCfg = Release|Any CPU
		{C1D44873-57D2-4A98-AC51-48048956EBB9}.Release|Any CPU.Build.0 = Release|Any CPU
		{C1D44873-57D2-4A98-AC51-48048956EBB9}.Release|ARM.ActiveCfg = Release|Any CPU
		{C1D44873-57D2-4A98-AC51-48048956EBB9}.Release|ARM.Build.0 = Release|Any CPU
		{C1D44873-57D2-4A98-AC51-48048956EBB9}.Release|ARM64.ActiveCfg = Release|Any CPU
		{C1D44873-57D2-4A98-AC51-48048956EBB9}.Release|ARM64.Build.0 = Release|Any CPU
		{C1D44873-57D2-4A98-AC51-48048956EBB9}.Release|x64.ActiveCfg = Release|Any CPU
		{C1D44873-57D2-4A98-AC51-48048956EBB9}.Release|x64.Build.0 = Release|Any CPU
		{C1D44873-57D2-4A98-AC51-48048956EBB9}.Release|x86.ActiveCfg = Release|Any CPU
		{C1D44873-57D2-4A98-AC51-48048956EBB9}.Release|x86.Build.0 = Release|Any CPU
		{3AD80D1A-144E-470E-A0B6-022118E59527}.Debug|Any CPU.ActiveCfg = Debug|Any CPU
		{3AD80D1A-144E-470E-A0B6-022118E59527}.Debug|Any CPU.Build.0 = Debug|Any CPU
		{3AD80D1A-144E-470E-A0B6-022118E59527}.Debug|ARM.ActiveCfg = Debug|Any CPU
		{3AD80D1A-144E-470E-A0B6-022118E59527}.Debug|ARM.Build.0 = Debug|Any CPU
		{3AD80D1A-144E-470E-A0B6-022118E59527}.Debug|ARM64.ActiveCfg = Debug|Any CPU
		{3AD80D1A-144E-470E-A0B6-022118E59527}.Debug|ARM64.Build.0 = Debug|Any CPU
		{3AD80D1A-144E-470E-A0B6-022118E59527}.Debug|x64.ActiveCfg = Debug|Any CPU
		{3AD80D1A-144E-470E-A0B6-022118E59527}.Debug|x64.Build.0 = Debug|Any CPU
		{3AD80D1A-144E-470E-A0B6-022118E59527}.Debug|x86.ActiveCfg = Debug|Any CPU
		{3AD80D1A-144E-470E-A0B6-022118E59527}.Debug|x86.Build.0 = Debug|Any CPU
		{3AD80D1A-144E-470E-A0B6-022118E59527}.Release|Any CPU.ActiveCfg = Release|Any CPU
		{3AD80D1A-144E-470E-A0B6-022118E59527}.Release|Any CPU.Build.0 = Release|Any CPU
		{3AD80D1A-144E-470E-A0B6-022118E59527}.Release|ARM.ActiveCfg = Release|Any CPU
		{3AD80D1A-144E-470E-A0B6-022118E59527}.Release|ARM.Build.0 = Release|Any CPU
		{3AD80D1A-144E-470E-A0B6-022118E59527}.Release|ARM64.ActiveCfg = Release|Any CPU
		{3AD80D1A-144E-470E-A0B6-022118E59527}.Release|ARM64.Build.0 = Release|Any CPU
		{3AD80D1A-144E-470E-A0B6-022118E59527}.Release|x64.ActiveCfg = Release|Any CPU
		{3AD80D1A-144E-470E-A0B6-022118E59527}.Release|x64.Build.0 = Release|Any CPU
		{3AD80D1A-144E-470E-A0B6-022118E59527}.Release|x86.ActiveCfg = Release|Any CPU
		{3AD80D1A-144E-470E-A0B6-022118E59527}.Release|x86.Build.0 = Release|Any CPU
		{ABA21B8F-0C4D-407D-B2AB-A264DF85392D}.Debug|Any CPU.ActiveCfg = Debug|Any CPU
		{ABA21B8F-0C4D-407D-B2AB-A264DF85392D}.Debug|Any CPU.Build.0 = Debug|Any CPU
		{ABA21B8F-0C4D-407D-B2AB-A264DF85392D}.Debug|ARM.ActiveCfg = Debug|Any CPU
		{ABA21B8F-0C4D-407D-B2AB-A264DF85392D}.Debug|ARM.Build.0 = Debug|Any CPU
		{ABA21B8F-0C4D-407D-B2AB-A264DF85392D}.Debug|ARM64.ActiveCfg = Debug|Any CPU
		{ABA21B8F-0C4D-407D-B2AB-A264DF85392D}.Debug|ARM64.Build.0 = Debug|Any CPU
		{ABA21B8F-0C4D-407D-B2AB-A264DF85392D}.Debug|x64.ActiveCfg = Debug|Any CPU
		{ABA21B8F-0C4D-407D-B2AB-A264DF85392D}.Debug|x64.Build.0 = Debug|Any CPU
		{ABA21B8F-0C4D-407D-B2AB-A264DF85392D}.Debug|x86.ActiveCfg = Debug|Any CPU
		{ABA21B8F-0C4D-407D-B2AB-A264DF85392D}.Debug|x86.Build.0 = Debug|Any CPU
		{ABA21B8F-0C4D-407D-B2AB-A264DF85392D}.Release|Any CPU.ActiveCfg = Release|Any CPU
		{ABA21B8F-0C4D-407D-B2AB-A264DF85392D}.Release|Any CPU.Build.0 = Release|Any CPU
		{ABA21B8F-0C4D-407D-B2AB-A264DF85392D}.Release|ARM.ActiveCfg = Release|Any CPU
		{ABA21B8F-0C4D-407D-B2AB-A264DF85392D}.Release|ARM.Build.0 = Release|Any CPU
		{ABA21B8F-0C4D-407D-B2AB-A264DF85392D}.Release|ARM64.ActiveCfg = Release|Any CPU
		{ABA21B8F-0C4D-407D-B2AB-A264DF85392D}.Release|ARM64.Build.0 = Release|Any CPU
		{ABA21B8F-0C4D-407D-B2AB-A264DF85392D}.Release|x64.ActiveCfg = Release|Any CPU
		{ABA21B8F-0C4D-407D-B2AB-A264DF85392D}.Release|x64.Build.0 = Release|Any CPU
		{ABA21B8F-0C4D-407D-B2AB-A264DF85392D}.Release|x86.ActiveCfg = Release|Any CPU
		{ABA21B8F-0C4D-407D-B2AB-A264DF85392D}.Release|x86.Build.0 = Release|Any CPU
		{16DF82D5-C681-42FA-9F31-830100BC2A22}.Debug|Any CPU.ActiveCfg = Debug|x64
		{16DF82D5-C681-42FA-9F31-830100BC2A22}.Debug|Any CPU.Build.0 = Debug|x64
		{16DF82D5-C681-42FA-9F31-830100BC2A22}.Debug|Any CPU.Deploy.0 = Debug|x64
		{16DF82D5-C681-42FA-9F31-830100BC2A22}.Debug|ARM.ActiveCfg = Debug|ARM
		{16DF82D5-C681-42FA-9F31-830100BC2A22}.Debug|ARM.Build.0 = Debug|ARM
		{16DF82D5-C681-42FA-9F31-830100BC2A22}.Debug|ARM.Deploy.0 = Debug|ARM
		{16DF82D5-C681-42FA-9F31-830100BC2A22}.Debug|ARM64.ActiveCfg = Debug|ARM64
		{16DF82D5-C681-42FA-9F31-830100BC2A22}.Debug|ARM64.Build.0 = Debug|ARM64
		{16DF82D5-C681-42FA-9F31-830100BC2A22}.Debug|ARM64.Deploy.0 = Debug|ARM64
		{16DF82D5-C681-42FA-9F31-830100BC2A22}.Debug|x64.ActiveCfg = Debug|x64
		{16DF82D5-C681-42FA-9F31-830100BC2A22}.Debug|x64.Build.0 = Debug|x64
		{16DF82D5-C681-42FA-9F31-830100BC2A22}.Debug|x64.Deploy.0 = Debug|x64
		{16DF82D5-C681-42FA-9F31-830100BC2A22}.Debug|x86.ActiveCfg = Debug|x86
		{16DF82D5-C681-42FA-9F31-830100BC2A22}.Debug|x86.Build.0 = Debug|x86
		{16DF82D5-C681-42FA-9F31-830100BC2A22}.Debug|x86.Deploy.0 = Debug|x86
		{16DF82D5-C681-42FA-9F31-830100BC2A22}.Release|Any CPU.ActiveCfg = Release|x64
		{16DF82D5-C681-42FA-9F31-830100BC2A22}.Release|Any CPU.Build.0 = Release|x64
		{16DF82D5-C681-42FA-9F31-830100BC2A22}.Release|Any CPU.Deploy.0 = Release|x64
		{16DF82D5-C681-42FA-9F31-830100BC2A22}.Release|ARM.ActiveCfg = Release|ARM
		{16DF82D5-C681-42FA-9F31-830100BC2A22}.Release|ARM.Build.0 = Release|ARM
		{16DF82D5-C681-42FA-9F31-830100BC2A22}.Release|ARM.Deploy.0 = Release|ARM
		{16DF82D5-C681-42FA-9F31-830100BC2A22}.Release|ARM64.ActiveCfg = Release|ARM64
		{16DF82D5-C681-42FA-9F31-830100BC2A22}.Release|ARM64.Build.0 = Release|ARM64
		{16DF82D5-C681-42FA-9F31-830100BC2A22}.Release|ARM64.Deploy.0 = Release|ARM64
		{16DF82D5-C681-42FA-9F31-830100BC2A22}.Release|x64.ActiveCfg = Release|x64
		{16DF82D5-C681-42FA-9F31-830100BC2A22}.Release|x64.Build.0 = Release|x64
		{16DF82D5-C681-42FA-9F31-830100BC2A22}.Release|x64.Deploy.0 = Release|x64
		{16DF82D5-C681-42FA-9F31-830100BC2A22}.Release|x86.ActiveCfg = Release|x86
		{16DF82D5-C681-42FA-9F31-830100BC2A22}.Release|x86.Build.0 = Release|x86
		{16DF82D5-C681-42FA-9F31-830100BC2A22}.Release|x86.Deploy.0 = Release|x86
	EndGlobalSection
	GlobalSection(SolutionProperties) = preSolution
		HideSolutionNode = FALSE
	EndGlobalSection
	GlobalSection(ExtensibilityGlobals) = postSolution
		SolutionGuid = {8F2547C6-3C8D-49F3-A6FF-BB9FB13A7DCE}
	EndGlobalSection
EndGlobal
